Microsoft Visual Studio Solution File, Format Version 11.00
# Visual Studio 2008

Project("{550AAD6B-DE9C-1F2F-B067-C6108EBCC7A2}") = "Procedural Noise - Fractal", "Assembly-CSharp-vs.csproj", "{B8C5AAFD-10CB-9200-7964-F1236D3F8B88}"
EndProject
Project("{550AAD6B-DE9C-1F2F-B067-C6108EBCC7A2}") = "Procedural Noise - Fractal", "Assembly-CSharp-Editor-vs.csproj", "{539A6435-BC7A-F96B-F7A0-FC2C5E0A3429}"
EndProject
Global
	GlobalSection(SolutionConfigurationPlatforms) = preSolution
		Debug|Any CPU = Debug|Any CPU
		Release|Any CPU = Release|Any CPU
	EndGlobalSection
	GlobalSection(ProjectConfigurationPlatforms) = postSolution
		{B8C5AAFD-10CB-9200-7964-F1236D3F8B88}.Debug|Any CPU.ActiveCfg = Debug|Any CPU
		{B8C5AAFD-10CB-9200-7964-F1236D3F8B88}.Debug|Any CPU.Build.0 = Debug|Any CPU
		{B8C5AAFD-10CB-9200-7964-F1236D3F8B88}.Release|Any CPU.ActiveCfg = Release|Any CPU
		{B8C5AAFD-10CB-9200-7964-F1236D3F8B88}.Release|Any CPU.Build.0 = Release|Any CPU
		{539A6435-BC7A-F96B-F7A0-FC2C5E0A3429}.Debug|Any CPU.ActiveCfg = Debug|Any CPU
		{539A6435-BC7A-F96B-F7A0-FC2C5E0A3429}.Debug|Any CPU.Build.0 = Debug|Any CPU
		{539A6435-BC7A-F96B-F7A0-FC2C5E0A3429}.Release|Any CPU.ActiveCfg = Release|Any CPU
		{539A6435-BC7A-F96B-F7A0-FC2C5E0A3429}.Release|Any CPU.Build.0 = Release|Any CPU
	EndGlobalSection
	GlobalSection(SolutionProperties) = preSolution
		HideSolutionNode = FALSE
	EndGlobalSection
											GlobalSection(MonoDevelopProperties) = preSolution
		StartupItem = Assembly-CSharp.csproj
		Policies = $0
		$0.TextStylePolicy = $1
		$1.inheritsSet = null
		$1.scope = text/x-csharp
		$0.CSharpFormattingPolicy = $2
		$2.inheritsSet = Mono
		$2.inheritsScope = text/x-csharp
		$2.scope = text/x-csharp
		$0.TextStylePolicy = $3
		$3.FileWidth = 120
		$3.TabWidth = 4
		$3.EolMarker = Unix
		$3.inheritsSet = Mono
		$3.inheritsScope = text/plain
		$3.scope = text/plain
	EndGlobalSection

EndGlobal
